
Microsoft Visual Studio Solution File, Format Version 12.00
# Visual Studio Version 17
VisualStudioVersion = 17.7.34024.191
MinimumVisualStudioVersion = 10.0.40219.1
Project("{FAE04EC0-301F-11D3-BF4B-00C04F79EFBC}") = "Projurneyo_better_design", "Projurneyo_better_design\Projurneyo_better_design.csproj", "{51DCEC61-B094-4C3F-8A6B-69E377C73C4F}"
EndProject
Global
	GlobalSection(SolutionConfigurationPlatforms) = preSolution
		Debug|Any CPU = Debug|Any CPU
		Release|Any CPU = Release|Any CPU
	EndGlobalSection
	GlobalSection(ProjectConfigurationPlatforms) = postSolution
		{51DCEC61-B094-4C3F-8A6B-69E377C73C4F}.Debug|Any CPU.ActiveCfg = Debug|Any CPU
		{51DCEC61-B094-4C3F-8A6B-69E377C73C4F}.Debug|Any CPU.Build.0 = Debug|Any CPU
		{51DCEC61-B094-4C3F-8A6B-69E377C73C4F}.Release|Any CPU.ActiveCfg = Release|Any CPU
		{51DCEC61-B094-4C3F-8A6B-69E377C73C4F}.Release|Any CPU.Build.0 = Release|Any CPU
	EndGlobalSection
	GlobalSection(SolutionProperties) = preSolution
		HideSolutionNode = FALSE
	EndGlobalSection
	GlobalSection(ExtensibilityGlobals) = postSolution
		SolutionGuid = {62BA4D90-29CC-4444-B491-AFAA6FC5CB7C}
	EndGlobalSection
EndGlobal
